
Microsoft Visual Studio Solution File, Format Version 12.00
# Visual Studio Version 16
VisualStudioVersion = 16.0.31112.23
MinimumVisualStudioVersion = 10.0.40219.1
Project("{FAE04EC0-301F-11D3-BF4B-00C04F79EFBC}") = "Validity Control", "Validity Control\Validity Control.csproj", "{5162E070-4DD0-4D38-A54B-7F8912DD801C}"
EndProject
Global
	GlobalSection(SolutionConfigurationPlatforms) = preSolution
		Debug|Any CPU = Debug|Any CPU
		Release|Any CPU = Release|Any CPU
	EndGlobalSection
	GlobalSection(ProjectConfigurationPlatforms) = postSolution
		{5162E070-4DD0-4D38-A54B-7F8912DD801C}.Debug|Any CPU.ActiveCfg = Debug|Any CPU
		{5162E070-4DD0-4D38-A54B-7F8912DD801C}.Debug|Any CPU.Build.0 = Debug|Any CPU
		{5162E070-4DD0-4D38-A54B-7F8912DD801C}.Release|Any CPU.ActiveCfg = Release|Any CPU
		{5162E070-4DD0-4D38-A54B-7F8912DD801C}.Release|Any CPU.Build.0 = Release|Any CPU
	EndGlobalSection
	GlobalSection(SolutionProperties) = preSolution
		HideSolutionNode = FALSE
	EndGlobalSection
	GlobalSection(ExtensibilityGlobals) = postSolution
		SolutionGuid = {C4723C68-DE5B-4DE5-8DBF-DA3D28067DB7}
	EndGlobalSection
EndGlobal
